
Microsoft Visual Studio Solution File, Format Version 12.00
# Visual Studio 15
VisualStudioVersion = 15.0.27703.2042
MinimumVisualStudioVersion = 10.0.40219.1
Project("{FAE04EC0-301F-11D3-BF4B-00C04F79EFBC}") = "LefaSever", "DXApplication2\LefaSever\LefaSever.csproj", "{37769EB2-DBB3-451D-B9EA-19D34F19EA1B}"
EndProject
Global
	GlobalSection(SolutionConfigurationPlatforms) = preSolution
		Debug|Any CPU = Debug|Any CPU
		Release|Any CPU = Release|Any CPU
	EndGlobalSection
	GlobalSection(ProjectConfigurationPlatforms) = postSolution
		{37769EB2-DBB3-451D-B9EA-19D34F19EA1B}.Debug|Any CPU.ActiveCfg = Debug|Any CPU
		{37769EB2-DBB3-451D-B9EA-19D34F19EA1B}.Debug|Any CPU.Build.0 = Debug|Any CPU
		{37769EB2-DBB3-451D-B9EA-19D34F19EA1B}.Release|Any CPU.ActiveCfg = Release|Any CPU
		{37769EB2-DBB3-451D-B9EA-19D34F19EA1B}.Release|Any CPU.Build.0 = Release|Any CPU
	EndGlobalSection
	GlobalSection(SolutionProperties) = preSolution
		HideSolutionNode = FALSE
	EndGlobalSection
	GlobalSection(ExtensibilityGlobals) = postSolution
		SolutionGuid = {217978E3-D1CA-4315-92F0-3FC99A7F5977}
	EndGlobalSection
EndGlobal
